# This file is autogenerated, do not edit; changes may be undone by the next 'dep ensure'.


[[projects]]
  name = "github.com/PuerkitoBio/purell"
  packages = ["."]
  revision = "0bcb03f4b4d0a9428594752bd2a3b9aa0a9d4bd4"
  version = "v1.1.0"

[[projects]]
  branch = "master"
  name = "github.com/PuerkitoBio/urlesc"
  packages = ["."]
  revision = "de5bf2ad457846296e2031421a34e2568e304e35"

[[projects]]
  name = "github.com/asaskevich/govalidator"
  packages = ["."]
  revision = "ccb8e960c48f04d6935e72476ae4a51028f9e22f"
  version = "v9"

[[projects]]
  name = "github.com/cilium/cilium"
  packages = [
    "api/v1/client",
    "api/v1/client/daemon",
    "api/v1/client/endpoint",
    "api/v1/client/ipam",
    "api/v1/client/policy",
    "api/v1/client/prefilter",
    "api/v1/client/service",
    "api/v1/models",
    "common",
    "pkg/client",
    "pkg/defaults",
    "pkg/endpoint/id",
    "pkg/ip",
    "pkg/k8s/apis/cilium.io",
    "pkg/labels",
    "pkg/lock",
    "pkg/logging",
    "pkg/mtu"
  ]
  revision = "0a57282b9a59eabb4a553d1ebc0a18b89f4dab1e"

[[projects]]
  name = "github.com/evalphobia/logrus_fluent"
  packages = ["."]
  revision = "v0.4.0"

[[projects]]
  name = "github.com/fatih/color"
  packages = ["."]
  revision = "533cd7fd8a85905f67a1753afb4deddc85ea174f"

[[projects]]
  name = "github.com/fluent/fluent-logger-golang"
  packages = ["fluent"]
  revision = "8bbc2356beaf021b04c9bd5cdc76ea5a7ccb40ec"
  version = "v1.3.0"

[[projects]]
  name = "github.com/fsnotify/fsnotify"
  packages = ["."]
  revision = "c2828203cd70a50dcccfb2761f8b1f8ceef9a8e9"
  version = "v1.4.7"

[[projects]]
  name = "github.com/go-openapi/analysis"
  packages = ["."]
  revision = "d5a75b7d751ca3f11ad5d93cfe97405f2c3f6a47"

[[projects]]
  name = "github.com/go-openapi/errors"
  packages = ["."]
  revision = "fc3f73a224499b047eda7191e5d22e1e9631e86f"

[[projects]]
  branch = "master"
  name = "github.com/go-openapi/jsonpointer"
  packages = ["."]
  revision = "3a0015ad55fa9873f41605d3e8f28cd279c32ab2"

[[projects]]
  branch = "master"
  name = "github.com/go-openapi/jsonreference"
  packages = ["."]
  revision = "3fb327e6747da3043567ee86abd02bb6376b6be2"

[[projects]]
  name = "github.com/go-openapi/loads"
  packages = [
    ".",
    "fmts"
  ]
  revision = "bf98340e04734f11563fd3008e87be4c1d4ffc08"

[[projects]]
  name = "github.com/go-openapi/runtime"
  packages = [
    ".",
    "client"
  ]
  revision = "bf2ff8f7150788b1c7256abb0805ba0410cbbabb"

[[projects]]
  name = "github.com/go-openapi/spec"
  packages = ["."]
  revision = "3a0434164aa36744c7ba29b822d36894a1e5ec96"

[[projects]]
  name = "github.com/go-openapi/strfmt"
  packages = ["."]
  revision = "0cb3db44c13bad3b3f567b762a66751972a310cc"

[[projects]]
  name = "github.com/go-openapi/swag"
  packages = ["."]
  revision = "96d7b9ebd181a1735a1c9ac87914f2b32fbf56c9"

[[projects]]
  name = "github.com/go-openapi/validate"
  packages = ["."]
  revision = "b11dbf889b64cf815a7e2667412df313f4a3f17b"

[[projects]]
  branch = "master"
  name = "github.com/hashicorp/hcl"
  packages = [
    ".",
    "hcl/ast",
    "hcl/parser",
    "hcl/scanner",
    "hcl/strconv",
    "hcl/token",
    "json/parser",
    "json/scanner",
    "json/token"
  ]
  revision = "ef8a98b0bbce4a65b5aa4c368430a80ddc533168"

[[projects]]
  name = "github.com/inconshreveable/mousetrap"
  packages = ["."]
  revision = "76626ae9c91c4f2a10f34cad8ce83ea42c93bb75"
  version = "v1.0"

[[projects]]
  name = "github.com/magiconair/properties"
  packages = ["."]
  revision = "c2353362d570a7bfa228149c62842019201cfb71"
  version = "v1.8.0"

[[projects]]
  branch = "master"
  name = "github.com/mailru/easyjson"
  packages = [
    "buffer",
    "jlexer",
    "jwriter"
  ]
  revision = "3fdea8d05856a0c8df22ed4bc71b3219245e4485"

[[projects]]
  name = "github.com/mattn/go-colorable"
  packages = ["."]
  revision = "167de6bfdfba052fa6b2d3664c8f5272e23c9072"
  version = "v0.0.9"

[[projects]]
  name = "github.com/mattn/go-isatty"
  packages = ["."]
  revision = "0360b2af4f38e8d38c7fce2a9f4e702702d73a39"
  version = "v0.0.3"

[[projects]]
  branch = "master"
  name = "github.com/mitchellh/mapstructure"
  packages = ["."]
  revision = "bb74f1db0675b241733089d5a1faa5dd8b0ef57b"

[[projects]]
  name = "github.com/pelletier/go-toml"
  packages = ["."]
  revision = "c01d1270ff3e442a8a57cddc1c92dc1138598194"
  version = "v1.2.0"

[[projects]]
  branch = "master"
  name = "github.com/petermattis/goid"
  packages = ["."]
  revision = "b0b1615b78e5ee59739545bb38426383b2cda4c9"

[[projects]]
  name = "github.com/philhofer/fwd"
  packages = ["."]
  revision = "bb6d471dc95d4fe11e432687f8b70ff496cf3136"
  version = "v1.0.0"

[[projects]]
  name = "github.com/sasha-s/go-deadlock"
  packages = ["."]
  revision = "master"

[[projects]]
  name = "github.com/sirupsen/logrus"
  packages = [
    ".",
    "hooks/syslog"
  ]
  revision = "v1.0.3"

[[projects]]
  name = "github.com/spf13/afero"
  packages = [
    ".",
    "mem"
  ]
  revision = "787d034dfe70e44075ccc060d346146ef53270ad"
  version = "v1.1.1"

[[projects]]
  name = "github.com/spf13/cast"
  packages = ["."]
  revision = "8965335b8c7107321228e3e3702cab9832751bac"
  version = "v1.2.0"

[[projects]]
  name = "github.com/spf13/cobra"
  packages = ["."]
  revision = "92ea23a837e66f46ac9e7d04fa826602b7b0a42d"

[[projects]]
  branch = "master"
  name = "github.com/spf13/jwalterweatherman"
  packages = ["."]
  revision = "7c0cea34c8ece3fbeb2b27ab9b59511d360fb394"

[[projects]]
  name = "github.com/spf13/pflag"
  packages = ["."]
  revision = "583c0c0531f06d5278b7d917446061adc344b5cd"
  version = "v1.0.1"

[[projects]]
  name = "github.com/spf13/viper"
  packages = ["."]
  revision = "7538d73b4eb9511d85a9f1dfef202eeb8ac260f4"

[[projects]]
  name = "github.com/tinylib/msgp"
  packages = ["msgp"]
  revision = "b2b6a672cf1e5b90748f79b8b81fc8c5cf0571a1"
  version = "1.0.2"

[[projects]]
  name = "github.com/vishvananda/netlink"
  packages = [
    ".",
    "nl"
  ]
  revision = "63ca7e48f59f463578ae6b6e839bef6906f048e2"

[[projects]]
  branch = "master"
  name = "github.com/vishvananda/netns"
  packages = ["."]
  revision = "be1fbeda19366dea804f00efff2dd73a1642fdcc"

[[projects]]
  name = "golang.org/x/crypto"
  packages = ["ssh/terminal"]
  revision = "847319b7fc94cab682988f93da778204da164588"

[[projects]]
  name = "golang.org/x/net"
  packages = [
    "context",
    "context/ctxhttp",
    "idna"
  ]
  revision = "0744d001aa8470aaa53df28d32e5ceeb8af9bd70"

[[projects]]
  name = "golang.org/x/sys"
  packages = [
    "unix",
    "windows"
  ]
  revision = "d8f5ea21b9295e315e612b4bcf4bedea93454d4d"

[[projects]]
  name = "golang.org/x/text"
  packages = [
    "collate",
    "collate/build",
    "internal/colltab",
    "internal/gen",
    "internal/tag",
    "internal/triegen",
    "internal/ucd",
    "language",
    "secure/bidirule",
    "transform",
    "unicode/bidi",
    "unicode/cldr",
    "unicode/norm",
    "unicode/rangetable",
    "width"
  ]
  revision = "f21a4dfb5e38f5895301dc265a8def02365cc3d0"
  version = "v0.3.0"

[[projects]]
  name = "gopkg.in/yaml.v2"
  packages = ["."]
  revision = "5420a8b6744d3b0345ab293f6fcba19c978f1183"
  version = "v2.2.1"

[solve-meta]
  analyzer-name = "dep"
  analyzer-version = 1
  inputs-digest = "0dcbababdfcbbe643dddb0ad13e1d17b10b31c3c65d62f8dca43b6e34468eef2"
  solver-name = "gps-cdcl"
  solver-version = 1
